// !$*UTF8*$!
{
	archiveVersion = 1;
	classes = {
	};
	objectVersion = 50;
	objects = {

/* Begin PBXBuildFile section */
		0F9F121EFD71AE8D4AF9D324 /* Pods_BowSample.framework in Frameworks */ = {isa = PBXBuildFile; fileRef = C3F8AF7F245FCCFE4D87E2D3 /* Pods_BowSample.framework */; };
		2B20041D70A3D984AEDE8921 /* Pods_BowSampleTests.framework in Frameworks */ = {isa = PBXBuildFile; fileRef = 0D37B4022346DC6A62E5A404 /* Pods_BowSampleTests.framework */; };
		AC3F94A5215D4468009BC6D2 /* MaybePresenter.swift in Sources */ = {isa = PBXBuildFile; fileRef = AC3F94A4215D4468009BC6D2 /* MaybePresenter.swift */; };
		AC3F94A7215D4478009BC6D2 /* MaybeProtocols.swift in Sources */ = {isa = PBXBuildFile; fileRef = AC3F94A6215D4478009BC6D2 /* MaybeProtocols.swift */; };
		AC3F94A9215D48C7009BC6D2 /* Utils.swift in Sources */ = {isa = PBXBuildFile; fileRef = AC3F94A8215D48C7009BC6D2 /* Utils.swift */; };
		AC3F94AB215D4E03009BC6D2 /* EitherViewController.swift in Sources */ = {isa = PBXBuildFile; fileRef = AC3F94AA215D4E03009BC6D2 /* EitherViewController.swift */; };
		AC3F94AD215D4E21009BC6D2 /* EitherProtocols.swift in Sources */ = {isa = PBXBuildFile; fileRef = AC3F94AC215D4E21009BC6D2 /* EitherProtocols.swift */; };
		AC3F94AF215D4E2D009BC6D2 /* EitherPresenter.swift in Sources */ = {isa = PBXBuildFile; fileRef = AC3F94AE215D4E2D009BC6D2 /* EitherPresenter.swift */; };
		AC3F94B1215D501F009BC6D2 /* EitherFunctions.swift in Sources */ = {isa = PBXBuildFile; fileRef = AC3F94B0215D501F009BC6D2 /* EitherFunctions.swift */; };
		AC3F94B4215E8DB8009BC6D2 /* MaybeViewMock.swift in Sources */ = {isa = PBXBuildFile; fileRef = AC3F94B3215E8DB8009BC6D2 /* MaybeViewMock.swift */; };
		AC3F94B6215E8DC6009BC6D2 /* EitherViewMock.swift in Sources */ = {isa = PBXBuildFile; fileRef = AC3F94B5215E8DC6009BC6D2 /* EitherViewMock.swift */; };
		AC3F94B8215E9038009BC6D2 /* EitherPresenterTests.swift in Sources */ = {isa = PBXBuildFile; fileRef = AC3F94B7215E9038009BC6D2 /* EitherPresenterTests.swift */; };
		AC7A7C9C2159853000326FF5 /* AppDelegate.swift in Sources */ = {isa = PBXBuildFile; fileRef = AC7A7C9B2159853000326FF5 /* AppDelegate.swift */; };
		AC7A7CA12159853000326FF5 /* Main.storyboard in Resources */ = {isa = PBXBuildFile; fileRef = AC7A7C9F2159853000326FF5 /* Main.storyboard */; };
		AC7A7CA32159853200326FF5 /* Assets.xcassets in Resources */ = {isa = PBXBuildFile; fileRef = AC7A7CA22159853200326FF5 /* Assets.xcassets */; };
		AC7A7CA62159853200326FF5 /* LaunchScreen.storyboard in Resources */ = {isa = PBXBuildFile; fileRef = AC7A7CA42159853200326FF5 /* LaunchScreen.storyboard */; };
		AC7A7CB12159853200326FF5 /* MaybePresenterTests.swift in Sources */ = {isa = PBXBuildFile; fileRef = AC7A7CB02159853200326FF5 /* MaybePresenterTests.swift */; };
		AC7A7CBC215985E100326FF5 /* MaybeViewController.swift in Sources */ = {isa = PBXBuildFile; fileRef = AC7A7CBB215985E100326FF5 /* MaybeViewController.swift */; };
		AC7A7CBE2159862300326FF5 /* MaybeFunctions.swift in Sources */ = {isa = PBXBuildFile; fileRef = AC7A7CBD2159862300326FF5 /* MaybeFunctions.swift */; };
		AC7A7CC02159862E00326FF5 /* Data.swift in Sources */ = {isa = PBXBuildFile; fileRef = AC7A7CBF2159862E00326FF5 /* Data.swift */; };
/* End PBXBuildFile section */

/* Begin PBXContainerItemProxy section */
		AC7A7CAD2159853200326FF5 /* PBXContainerItemProxy */ = {
			isa = PBXContainerItemProxy;
			containerPortal = AC7A7C902159853000326FF5 /* Project object */;
			proxyType = 1;
			remoteGlobalIDString = AC7A7C972159853000326FF5;
			remoteInfo = BowSample;
		};
/* End PBXContainerItemProxy section */

/* Begin PBXFileReference section */
		0D37B4022346DC6A62E5A404 /* Pods_BowSampleTests.framework */ = {isa = PBXFileReference; explicitFileType = wrapper.framework; includeInIndex = 0; path = Pods_BowSampleTests.framework; sourceTree = BUILT_PRODUCTS_DIR; };
		8395C0548C82BBB878DD0CBB /* Pods-BowSample.release.xcconfig */ = {isa = PBXFileReference; includeInIndex = 1; lastKnownFileType = text.xcconfig; name = "Pods-BowSample.release.xcconfig"; path = "Pods/Target Support Files/Pods-BowSample/Pods-BowSample.release.xcconfig"; sourceTree = "<group>"; };
		AC3F94A4215D4468009BC6D2 /* MaybePresenter.swift */ = {isa = PBXFileReference; lastKnownFileType = sourcecode.swift; path = MaybePresenter.swift; sourceTree = "<group>"; };
		AC3F94A6215D4478009BC6D2 /* MaybeProtocols.swift */ = {isa = PBXFileReference; lastKnownFileType = sourcecode.swift; path = MaybeProtocols.swift; sourceTree = "<group>"; };
		AC3F94A8215D48C7009BC6D2 /* Utils.swift */ = {isa = PBXFileReference; lastKnownFileType = sourcecode.swift; path = Utils.swift; sourceTree = "<group>"; };
		AC3F94AA215D4E03009BC6D2 /* EitherViewController.swift */ = {isa = PBXFileReference; lastKnownFileType = sourcecode.swift; path = EitherViewController.swift; sourceTree = "<group>"; };
		AC3F94AC215D4E21009BC6D2 /* EitherProtocols.swift */ = {isa = PBXFileReference; lastKnownFileType = sourcecode.swift; path = EitherProtocols.swift; sourceTree = "<group>"; };
		AC3F94AE215D4E2D009BC6D2 /* EitherPresenter.swift */ = {isa = PBXFileReference; lastKnownFileType = sourcecode.swift; path = EitherPresenter.swift; sourceTree = "<group>"; };
		AC3F94B0215D501F009BC6D2 /* EitherFunctions.swift */ = {isa = PBXFileReference; lastKnownFileType = sourcecode.swift; path = EitherFunctions.swift; sourceTree = "<group>"; };
		AC3F94B3215E8DB8009BC6D2 /* MaybeViewMock.swift */ = {isa = PBXFileReference; lastKnownFileType = sourcecode.swift; path = MaybeViewMock.swift; sourceTree = "<group>"; };
		AC3F94B5215E8DC6009BC6D2 /* EitherViewMock.swift */ = {isa = PBXFileReference; lastKnownFileType = sourcecode.swift; path = EitherViewMock.swift; sourceTree = "<group>"; };
		AC3F94B7215E9038009BC6D2 /* EitherPresenterTests.swift */ = {isa = PBXFileReference; lastKnownFileType = sourcecode.swift; path = EitherPresenterTests.swift; sourceTree = "<group>"; };
		AC7A7C982159853000326FF5 /* BowSample.app */ = {isa = PBXFileReference; explicitFileType = wrapper.application; includeInIndex = 0; path = BowSample.app; sourceTree = BUILT_PRODUCTS_DIR; };
		AC7A7C9B2159853000326FF5 /* AppDelegate.swift */ = {isa = PBXFileReference; lastKnownFileType = sourcecode.swift; path = AppDelegate.swift; sourceTree = "<group>"; };
		AC7A7CA02159853000326FF5 /* Base */ = {isa = PBXFileReference; lastKnownFileType = file.storyboard; name = Base; path = Base.lproj/Main.storyboard; sourceTree = "<group>"; };
		AC7A7CA22159853200326FF5 /* Assets.xcassets */ = {isa = PBXFileReference; lastKnownFileType = folder.assetcatalog; path = Assets.xcassets; sourceTree = "<group>"; };
		AC7A7CA52159853200326FF5 /* Base */ = {isa = PBXFileReference; lastKnownFileType = file.storyboard; name = Base; path = Base.lproj/LaunchScreen.storyboard; sourceTree = "<group>"; };
		AC7A7CA72159853200326FF5 /* Info.plist */ = {isa = PBXFileReference; lastKnownFileType = text.plist.xml; path = Info.plist; sourceTree = "<group>"; };
		AC7A7CAC2159853200326FF5 /* BowSampleTests.xctest */ = {isa = PBXFileReference; explicitFileType = wrapper.cfbundle; includeInIndex = 0; path = BowSampleTests.xctest; sourceTree = BUILT_PRODUCTS_DIR; };
		AC7A7CB02159853200326FF5 /* MaybePresenterTests.swift */ = {isa = PBXFileReference; lastKnownFileType = sourcecode.swift; path = MaybePresenterTests.swift; sourceTree = "<group>"; };
		AC7A7CB22159853200326FF5 /* Info.plist */ = {isa = PBXFileReference; lastKnownFileType = text.plist.xml; path = Info.plist; sourceTree = "<group>"; };
		AC7A7CBB215985E100326FF5 /* MaybeViewController.swift */ = {isa = PBXFileReference; fileEncoding = 4; lastKnownFileType = sourcecode.swift; path = MaybeViewController.swift; sourceTree = "<group>"; };
		AC7A7CBD2159862300326FF5 /* MaybeFunctions.swift */ = {isa = PBXFileReference; lastKnownFileType = sourcecode.swift; path = MaybeFunctions.swift; sourceTree = "<group>"; };
		AC7A7CBF2159862E00326FF5 /* Data.swift */ = {isa = PBXFileReference; lastKnownFileType = sourcecode.swift; path = Data.swift; sourceTree = "<group>"; };
		B79338E8725289353CE9BADB /* Pods-BowSampleTests.release.xcconfig */ = {isa = PBXFileReference; includeInIndex = 1; lastKnownFileType = text.xcconfig; name = "Pods-BowSampleTests.release.xcconfig"; path = "Pods/Target Support Files/Pods-BowSampleTests/Pods-BowSampleTests.release.xcconfig"; sourceTree = "<group>"; };
		B8CB5FFAB1EF408589183CB3 /* Pods-BowSample.debug.xcconfig */ = {isa = PBXFileReference; includeInIndex = 1; lastKnownFileType = text.xcconfig; name = "Pods-BowSample.debug.xcconfig"; path = "Pods/Target Support Files/Pods-BowSample/Pods-BowSample.debug.xcconfig"; sourceTree = "<group>"; };
		C3F8AF7F245FCCFE4D87E2D3 /* Pods_BowSample.framework */ = {isa = PBXFileReference; explicitFileType = wrapper.framework; includeInIndex = 0; path = Pods_BowSample.framework; sourceTree = BUILT_PRODUCTS_DIR; };
		D691028DC9AFBC7C78A08159 /* Pods-BowSampleTests.debug.xcconfig */ = {isa = PBXFileReference; includeInIndex = 1; lastKnownFileType = text.xcconfig; name = "Pods-BowSampleTests.debug.xcconfig"; path = "Pods/Target Support Files/Pods-BowSampleTests/Pods-BowSampleTests.debug.xcconfig"; sourceTree = "<group>"; };
/* End PBXFileReference section */

/* Begin PBXFrameworksBuildPhase section */
		AC7A7C952159853000326FF5 /* Frameworks */ = {
			isa = PBXFrameworksBuildPhase;
			buildActionMask = 2147483647;
			files = (
				0F9F121EFD71AE8D4AF9D324 /* Pods_BowSample.framework in Frameworks */,
			);
			runOnlyForDeploymentPostprocessing = 0;
		};
		AC7A7CA92159853200326FF5 /* Frameworks */ = {
			isa = PBXFrameworksBuildPhase;
			buildActionMask = 2147483647;
			files = (
				2B20041D70A3D984AEDE8921 /* Pods_BowSampleTests.framework in Frameworks */,
			);
			runOnlyForDeploymentPostprocessing = 0;
		};
/* End PBXFrameworksBuildPhase section */

/* Begin PBXGroup section */
		038BF138C4E28509284740EC /* Frameworks */ = {
			isa = PBXGroup;
			children = (
				C3F8AF7F245FCCFE4D87E2D3 /* Pods_BowSample.framework */,
				0D37B4022346DC6A62E5A404 /* Pods_BowSampleTests.framework */,
			);
			name = Frameworks;
			sourceTree = "<group>";
		};
		5A79C8B06DDE0CB01FEDD994 /* Pods */ = {
			isa = PBXGroup;
			children = (
				B8CB5FFAB1EF408589183CB3 /* Pods-BowSample.debug.xcconfig */,
				8395C0548C82BBB878DD0CBB /* Pods-BowSample.release.xcconfig */,
				D691028DC9AFBC7C78A08159 /* Pods-BowSampleTests.debug.xcconfig */,
				B79338E8725289353CE9BADB /* Pods-BowSampleTests.release.xcconfig */,
			);
			name = Pods;
			sourceTree = "<group>";
		};
		AC3F94A1215D43E0009BC6D2 /* Maybe */ = {
			isa = PBXGroup;
			children = (
				AC7A7CBB215985E100326FF5 /* MaybeViewController.swift */,
				AC3F94A4215D4468009BC6D2 /* MaybePresenter.swift */,
				AC3F94A6215D4478009BC6D2 /* MaybeProtocols.swift */,
				AC7A7CBD2159862300326FF5 /* MaybeFunctions.swift */,
			);
			path = Maybe;
			sourceTree = "<group>";
		};
		AC3F94A2215D43ED009BC6D2 /* Validate */ = {
			isa = PBXGroup;
			children = (
			);
			path = Validate;
			sourceTree = "<group>";
		};
		AC3F94A3215D43FB009BC6D2 /* Either */ = {
			isa = PBXGroup;
			children = (
				AC3F94AA215D4E03009BC6D2 /* EitherViewController.swift */,
				AC3F94AC215D4E21009BC6D2 /* EitherProtocols.swift */,
				AC3F94AE215D4E2D009BC6D2 /* EitherPresenter.swift */,
				AC3F94B0215D501F009BC6D2 /* EitherFunctions.swift */,
			);
			path = Either;
			sourceTree = "<group>";
		};
		AC3F94B2215E8D77009BC6D2 /* Mocks */ = {
			isa = PBXGroup;
			children = (
				AC3F94B3215E8DB8009BC6D2 /* MaybeViewMock.swift */,
				AC3F94B5215E8DC6009BC6D2 /* EitherViewMock.swift */,
			);
			path = Mocks;
			sourceTree = "<group>";
		};
		AC7A7C8F2159853000326FF5 = {
			isa = PBXGroup;
			children = (
				AC7A7C9A2159853000326FF5 /* BowSample */,
				AC7A7CAF2159853200326FF5 /* BowSampleTests */,
				AC7A7C992159853000326FF5 /* Products */,
				5A79C8B06DDE0CB01FEDD994 /* Pods */,
				038BF138C4E28509284740EC /* Frameworks */,
			);
			sourceTree = "<group>";
		};
		AC7A7C992159853000326FF5 /* Products */ = {
			isa = PBXGroup;
			children = (
				AC7A7C982159853000326FF5 /* BowSample.app */,
				AC7A7CAC2159853200326FF5 /* BowSampleTests.xctest */,
			);
			name = Products;
			sourceTree = "<group>";
		};
		AC7A7C9A2159853000326FF5 /* BowSample */ = {
			isa = PBXGroup;
			children = (
				AC7A7C9B2159853000326FF5 /* AppDelegate.swift */,
				AC3F94A8215D48C7009BC6D2 /* Utils.swift */,
				AC3F94A2215D43ED009BC6D2 /* Validate */,
				AC3F94A3215D43FB009BC6D2 /* Either */,
				AC3F94A1215D43E0009BC6D2 /* Maybe */,
				AC7A7C9F2159853000326FF5 /* Main.storyboard */,
				AC7A7CA22159853200326FF5 /* Assets.xcassets */,
				AC7A7CA42159853200326FF5 /* LaunchScreen.storyboard */,
				AC7A7CA72159853200326FF5 /* Info.plist */,
				AC7A7CBF2159862E00326FF5 /* Data.swift */,
			);
			path = BowSample;
			sourceTree = "<group>";
		};
		AC7A7CAF2159853200326FF5 /* BowSampleTests */ = {
			isa = PBXGroup;
			children = (
				AC3F94B2215E8D77009BC6D2 /* Mocks */,
				AC7A7CB02159853200326FF5 /* MaybePresenterTests.swift */,
				AC3F94B7215E9038009BC6D2 /* EitherPresenterTests.swift */,
				AC7A7CB22159853200326FF5 /* Info.plist */,
			);
			path = BowSampleTests;
			sourceTree = "<group>";
		};
/* End PBXGroup section */

/* Begin PBXNativeTarget section */
		AC7A7C972159853000326FF5 /* BowSample */ = {
			isa = PBXNativeTarget;
			buildConfigurationList = AC7A7CB52159853200326FF5 /* Build configuration list for PBXNativeTarget "BowSample" */;
			buildPhases = (
				B0825558A8AE34F90FD9E218 /* [CP] Check Pods Manifest.lock */,
				AC7A7C942159853000326FF5 /* Sources */,
				AC7A7C952159853000326FF5 /* Frameworks */,
				AC7A7C962159853000326FF5 /* Resources */,
				0FF3A8F70A7259C2A16C107C /* [CP] Embed Pods Frameworks */,
			);
			buildRules = (
			);
			dependencies = (
			);
			name = BowSample;
			productName = BowSample;
			productReference = AC7A7C982159853000326FF5 /* BowSample.app */;
			productType = "com.apple.product-type.application";
		};
		AC7A7CAB2159853200326FF5 /* BowSampleTests */ = {
			isa = PBXNativeTarget;
			buildConfigurationList = AC7A7CB82159853200326FF5 /* Build configuration list for PBXNativeTarget "BowSampleTests" */;
			buildPhases = (
				072F69B14D407FF577876781 /* [CP] Check Pods Manifest.lock */,
				AC7A7CA82159853200326FF5 /* Sources */,
				AC7A7CA92159853200326FF5 /* Frameworks */,
				AC7A7CAA2159853200326FF5 /* Resources */,
			);
			buildRules = (
			);
			dependencies = (
				AC7A7CAE2159853200326FF5 /* PBXTargetDependency */,
			);
			name = BowSampleTests;
			productName = BowSampleTests;
			productReference = AC7A7CAC2159853200326FF5 /* BowSampleTests.xctest */;
			productType = "com.apple.product-type.bundle.unit-test";
		};
/* End PBXNativeTarget section */

/* Begin PBXProject section */
		AC7A7C902159853000326FF5 /* Project object */ = {
			isa = PBXProject;
			attributes = {
				LastSwiftUpdateCheck = 0940;
				LastUpgradeCheck = 0940;
				ORGANIZATIONNAME = "Giovanni Catania";
				TargetAttributes = {
					AC7A7C972159853000326FF5 = {
						CreatedOnToolsVersion = 9.4.1;
					};
					AC7A7CAB2159853200326FF5 = {
						CreatedOnToolsVersion = 9.4.1;
						TestTargetID = AC7A7C972159853000326FF5;
					};
				};
			};
			buildConfigurationList = AC7A7C932159853000326FF5 /* Build configuration list for PBXProject "BowSample" */;
			compatibilityVersion = "Xcode 9.3";
			developmentRegion = en;
			hasScannedForEncodings = 0;
			knownRegions = (
				en,
				Base,
			);
			mainGroup = AC7A7C8F2159853000326FF5;
			productRefGroup = AC7A7C992159853000326FF5 /* Products */;
			projectDirPath = "";
			projectRoot = "";
			targets = (
				AC7A7C972159853000326FF5 /* BowSample */,
				AC7A7CAB2159853200326FF5 /* BowSampleTests */,
			);
		};
/* End PBXProject section */

/* Begin PBXResourcesBuildPhase section */
		AC7A7C962159853000326FF5 /* Resources */ = {
			isa = PBXResourcesBuildPhase;
			buildActionMask = 2147483647;
			files = (
				AC7A7CA62159853200326FF5 /* LaunchScreen.storyboard in Resources */,
				AC7A7CA32159853200326FF5 /* Assets.xcassets in Resources */,
				AC7A7CA12159853000326FF5 /* Main.storyboard in Resources */,
			);
			runOnlyForDeploymentPostprocessing = 0;
		};
		AC7A7CAA2159853200326FF5 /* Resources */ = {
			isa = PBXResourcesBuildPhase;
			buildActionMask = 2147483647;
			files = (
			);
			runOnlyForDeploymentPostprocessing = 0;
		};
/* End PBXResourcesBuildPhase section */

/* Begin PBXShellScriptBuildPhase section */
		072F69B14D407FF577876781 /* [CP] Check Pods Manifest.lock */ = {
			isa = PBXShellScriptBuildPhase;
			buildActionMask = 2147483647;
			files = (
			);
			inputPaths = (
				"${PODS_PODFILE_DIR_PATH}/Podfile.lock",
				"${PODS_ROOT}/Manifest.lock",
			);
			name = "[CP] Check Pods Manifest.lock";
			outputPaths = (
				"$(DERIVED_FILE_DIR)/Pods-BowSampleTests-checkManifestLockResult.txt",
			);
			runOnlyForDeploymentPostprocessing = 0;
			shellPath = /bin/sh;
			shellScript = "diff \"${PODS_PODFILE_DIR_PATH}/Podfile.lock\" \"${PODS_ROOT}/Manifest.lock\" > /dev/null\nif [ $? != 0 ] ; then\n    # print error to STDERR\n    echo \"error: The sandbox is not in sync with the Podfile.lock. Run 'pod install' or update your CocoaPods installation.\" >&2\n    exit 1\nfi\n# This output is used by Xcode 'outputs' to avoid re-running this script phase.\necho \"SUCCESS\" > \"${SCRIPT_OUTPUT_FILE_0}\"\n";
			showEnvVarsInLog = 0;
		};
		0FF3A8F70A7259C2A16C107C /* [CP] Embed Pods Frameworks */ = {
			isa = PBXShellScriptBuildPhase;
			buildActionMask = 2147483647;
			files = (
			);
			inputPaths = (
				"${SRCROOT}/Pods/Target Support Files/Pods-BowSample/Pods-BowSample-frameworks.sh",
				"${BUILT_PRODUCTS_DIR}/Bow/Bow.framework",
			);
			name = "[CP] Embed Pods Frameworks";
			outputPaths = (
				"${TARGET_BUILD_DIR}/${FRAMEWORKS_FOLDER_PATH}/Bow.framework",
			);
			runOnlyForDeploymentPostprocessing = 0;
			shellPath = /bin/sh;
			shellScript = "\"${SRCROOT}/Pods/Target Support Files/Pods-BowSample/Pods-BowSample-frameworks.sh\"\n";
			showEnvVarsInLog = 0;
		};
		B0825558A8AE34F90FD9E218 /* [CP] Check Pods Manifest.lock */ = {
			isa = PBXShellScriptBuildPhase;
			buildActionMask = 2147483647;
			files = (
			);
			inputPaths = (
				"${PODS_PODFILE_DIR_PATH}/Podfile.lock",
				"${PODS_ROOT}/Manifest.lock",
			);
			name = "[CP] Check Pods Manifest.lock";
			outputPaths = (
				"$(DERIVED_FILE_DIR)/Pods-BowSample-checkManifestLockResult.txt",
			);
			runOnlyForDeploymentPostprocessing = 0;
			shellPath = /bin/sh;
			shellScript = "diff \"${PODS_PODFILE_DIR_PATH}/Podfile.lock\" \"${PODS_ROOT}/Manifest.lock\" > /dev/null\nif [ $? != 0 ] ; then\n    # print error to STDERR\n    echo \"error: The sandbox is not in sync with the Podfile.lock. Run 'pod install' or update your CocoaPods installation.\" >&2\n    exit 1\nfi\n# This output is used by Xcode 'outputs' to avoid re-running this script phase.\necho \"SUCCESS\" > \"${SCRIPT_OUTPUT_FILE_0}\"\n";
			showEnvVarsInLog = 0;
		};
/* End PBXShellScriptBuildPhase section */

/* Begin PBXSourcesBuildPhase section */
		AC7A7C942159853000326FF5 /* Sources */ = {
			isa = PBXSourcesBuildPhase;
			buildActionMask = 2147483647;
			files = (
				AC3F94AD215D4E21009BC6D2 /* EitherProtocols.swift in Sources */,
				AC7A7C9C2159853000326FF5 /* AppDelegate.swift in Sources */,
				AC3F94A5215D4468009BC6D2 /* MaybePresenter.swift in Sources */,
				AC3F94AF215D4E2D009BC6D2 /* EitherPresenter.swift in Sources */,
				AC3F94B1215D501F009BC6D2 /* EitherFunctions.swift in Sources */,
				AC3F94A7215D4478009BC6D2 /* MaybeProtocols.swift in Sources */,
				AC3F94A9215D48C7009BC6D2 /* Utils.swift in Sources */,
				AC7A7CBC215985E100326FF5 /* MaybeViewController.swift in Sources */,
				AC3F94AB215D4E03009BC6D2 /* EitherViewController.swift in Sources */,
				AC7A7CBE2159862300326FF5 /* MaybeFunctions.swift in Sources */,
				AC7A7CC02159862E00326FF5 /* Data.swift in Sources */,
			);
			runOnlyForDeploymentPostprocessing = 0;
		};
		AC7A7CA82159853200326FF5 /* Sources */ = {
			isa = PBXSourcesBuildPhase;
			buildActionMask = 2147483647;
			files = (
				AC3F94B6215E8DC6009BC6D2 /* EitherViewMock.swift in Sources */,
				AC3F94B8215E9038009BC6D2 /* EitherPresenterTests.swift in Sources */,
				AC7A7CB12159853200326FF5 /* MaybePresenterTests.swift in Sources */,
				AC3F94B4215E8DB8009BC6D2 /* MaybeViewMock.swift in Sources */,
			);
			runOnlyForDeploymentPostprocessing = 0;
		};
/* End PBXSourcesBuildPhase section */

/* Begin PBXTargetDependency section */
		AC7A7CAE2159853200326FF5 /* PBXTargetDependency */ = {
			isa = PBXTargetDependency;
			target = AC7A7C972159853000326FF5 /* BowSample */;
			targetProxy = AC7A7CAD2159853200326FF5 /* PBXContainerItemProxy */;
		};
/* End PBXTargetDependency section */

/* Begin PBXVariantGroup section */
		AC7A7C9F2159853000326FF5 /* Main.storyboard */ = {
			isa = PBXVariantGroup;
			children = (
				AC7A7CA02159853000326FF5 /* Base */,
			);
			name = Main.storyboard;
			sourceTree = "<group>";
		};
		AC7A7CA42159853200326FF5 /* LaunchScreen.storyboard */ = {
			isa = PBXVariantGroup;
			children = (
				AC7A7CA52159853200326FF5 /* Base */,
			);
			name = LaunchScreen.storyboard;
			sourceTree = "<group>";
		};
/* End PBXVariantGroup section */

/* Begin XCBuildConfiguration section */
		AC7A7CB32159853200326FF5 /* Debug */ = {
			isa = XCBuildConfiguration;
			buildSettings = {
				ALWAYS_SEARCH_USER_PATHS = NO;
				CLANG_ANALYZER_NONNULL = YES;
				CLANG_ANALYZER_NUMBER_OBJECT_CONVERSION = YES_AGGRESSIVE;
				CLANG_CXX_LANGUAGE_STANDARD = "gnu++14";
				CLANG_CXX_LIBRARY = "libc++";
				CLANG_ENABLE_MODULES = YES;
				CLANG_ENABLE_OBJC_ARC = YES;
				CLANG_ENABLE_OBJC_WEAK = YES;
				CLANG_WARN_BLOCK_CAPTURE_AUTORELEASING = YES;
				CLANG_WARN_BOOL_CONVERSION = YES;
				CLANG_WARN_COMMA = YES;
				CLANG_WARN_CONSTANT_CONVERSION = YES;
				CLANG_WARN_DEPRECATED_OBJC_IMPLEMENTATIONS = YES;
				CLANG_WARN_DIRECT_OBJC_ISA_USAGE = YES_ERROR;
				CLANG_WARN_DOCUMENTATION_COMMENTS = YES;
				CLANG_WARN_EMPTY_BODY = YES;
				CLANG_WARN_ENUM_CONVERSION = YES;
				CLANG_WARN_INFINITE_RECURSION = YES;
				CLANG_WARN_INT_CONVERSION = YES;
				CLANG_WARN_NON_LITERAL_NULL_CONVERSION = YES;
				CLANG_WARN_OBJC_IMPLICIT_RETAIN_SELF = YES;
				CLANG_WARN_OBJC_LITERAL_CONVERSION = YES;
				CLANG_WARN_OBJC_ROOT_CLASS = YES_ERROR;
				CLANG_WARN_RANGE_LOOP_ANALYSIS = YES;
				CLANG_WARN_STRICT_PROTOTYPES = YES;
				CLANG_WARN_SUSPICIOUS_MOVE = YES;
				CLANG_WARN_UNGUARDED_AVAILABILITY = YES_AGGRESSIVE;
				CLANG_WARN_UNREACHABLE_CODE = YES;
				CLANG_WARN__DUPLICATE_METHOD_MATCH = YES;
				CODE_SIGN_IDENTITY = "iPhone Developer";
				COPY_PHASE_STRIP = NO;
				DEBUG_INFORMATION_FORMAT = dwarf;
				ENABLE_STRICT_OBJC_MSGSEND = YES;
				ENABLE_TESTABILITY = YES;
				GCC_C_LANGUAGE_STANDARD = gnu11;
				GCC_DYNAMIC_NO_PIC = NO;
				GCC_NO_COMMON_BLOCKS = YES;
				GCC_OPTIMIZATION_LEVEL = 0;
				GCC_PREPROCESSOR_DEFINITIONS = (
					"DEBUG=1",
					"$(inherited)",
				);
				GCC_WARN_64_TO_32_BIT_CONVERSION = YES;
				GCC_WARN_ABOUT_RETURN_TYPE = YES_ERROR;
				GCC_WARN_UNDECLARED_SELECTOR = YES;
				GCC_WARN_UNINITIALIZED_AUTOS = YES_AGGRESSIVE;
				GCC_WARN_UNUSED_FUNCTION = YES;
				GCC_WARN_UNUSED_VARIABLE = YES;
				IPHONEOS_DEPLOYMENT_TARGET = 11.0;
				MTL_ENABLE_DEBUG_INFO = YES;
				ONLY_ACTIVE_ARCH = YES;
				SDKROOT = iphoneos;
				SWIFT_ACTIVE_COMPILATION_CONDITIONS = DEBUG;
				SWIFT_OPTIMIZATION_LEVEL = "-Onone";
			};
			name = Debug;
		};
		AC7A7CB42159853200326FF5 /* Release */ = {
			isa = XCBuildConfiguration;
			buildSettings = {
				ALWAYS_SEARCH_USER_PATHS = NO;
				CLANG_ANALYZER_NONNULL = YES;
				CLANG_ANALYZER_NUMBER_OBJECT_CONVERSION = YES_AGGRESSIVE;
				CLANG_CXX_LANGUAGE_STANDARD = "gnu++14";
				CLANG_CXX_LIBRARY = "libc++";
				CLANG_ENABLE_MODULES = YES;
				CLANG_ENABLE_OBJC_ARC = YES;
				CLANG_ENABLE_OBJC_WEAK = YES;
				CLANG_WARN_BLOCK_CAPTURE_AUTORELEASING = YES;
				CLANG_WARN_BOOL_CONVERSION = YES;
				CLANG_WARN_COMMA = YES;
				CLANG_WARN_CONSTANT_CONVERSION = YES;
				CLANG_WARN_DEPRECATED_OBJC_IMPLEMENTATIONS = YES;
				CLANG_WARN_DIRECT_OBJC_ISA_USAGE = YES_ERROR;
				CLANG_WARN_DOCUMENTATION_COMMENTS = YES;
				CLANG_WARN_EMPTY_BODY = YES;
				CLANG_WARN_ENUM_CONVERSION = YES;
				CLANG_WARN_INFINITE_RECURSION = YES;
				CLANG_WARN_INT_CONVERSION = YES;
				CLANG_WARN_NON_LITERAL_NULL_CONVERSION = YES;
				CLANG_WARN_OBJC_IMPLICIT_RETAIN_SELF = YES;
				CLANG_WARN_OBJC_LITERAL_CONVERSION = YES;
				CLANG_WARN_OBJC_ROOT_CLASS = YES_ERROR;
				CLANG_WARN_RANGE_LOOP_ANALYSIS = YES;
				CLANG_WARN_STRICT_PROTOTYPES = YES;
				CLANG_WARN_SUSPICIOUS_MOVE = YES;
				CLANG_WARN_UNGUARDED_AVAILABILITY = YES_AGGRESSIVE;
				CLANG_WARN_UNREACHABLE_CODE = YES;
				CLANG_WARN__DUPLICATE_METHOD_MATCH = YES;
				CODE_SIGN_IDENTITY = "iPhone Developer";
				COPY_PHASE_STRIP = NO;
				DEBUG_INFORMATION_FORMAT = "dwarf-with-dsym";
				ENABLE_NS_ASSERTIONS = NO;
				ENABLE_STRICT_OBJC_MSGSEND = YES;
				GCC_C_LANGUAGE_STANDARD = gnu11;
				GCC_NO_COMMON_BLOCKS = YES;
				GCC_WARN_64_TO_32_BIT_CONVERSION = YES;
				GCC_WARN_ABOUT_RETURN_TYPE = YES_ERROR;
				GCC_WARN_UNDECLARED_SELECTOR = YES;
				GCC_WARN_UNINITIALIZED_AUTOS = YES_AGGRESSIVE;
				GCC_WARN_UNUSED_FUNCTION = YES;
				GCC_WARN_UNUSED_VARIABLE = YES;
				IPHONEOS_DEPLOYMENT_TARGET = 11.0;
				MTL_ENABLE_DEBUG_INFO = NO;
				SDKROOT = iphoneos;
				SWIFT_COMPILATION_MODE = wholemodule;
				SWIFT_OPTIMIZATION_LEVEL = "-O";
				VALIDATE_PRODUCT = YES;
			};
			name = Release;
		};
		AC7A7CB62159853200326FF5 /* Debug */ = {
			isa = XCBuildConfiguration;
			baseConfigurationReference = B8CB5FFAB1EF408589183CB3 /* Pods-BowSample.debug.xcconfig */;
			buildSettings = {
				ASSETCATALOG_COMPILER_APPICON_NAME = AppIcon;
				CODE_SIGN_STYLE = Automatic;
				DEVELOPMENT_TEAM = 3QV48QCY4W;
				INFOPLIST_FILE = BowSample/Info.plist;
				LD_RUNPATH_SEARCH_PATHS = (
					"$(inherited)",
					"@executable_path/Frameworks",
				);
				PRODUCT_BUNDLE_IDENTIFIER = com.catania.BowSample;
				PRODUCT_NAME = "$(TARGET_NAME)";
				SWIFT_VERSION = 4.0;
				TARGETED_DEVICE_FAMILY = "1,2";
			};
			name = Debug;
		};
		AC7A7CB72159853200326FF5 /* Release */ = {
			isa = XCBuildConfiguration;
			baseConfigurationReference = 8395C0548C82BBB878DD0CBB /* Pods-BowSample.release.xcconfig */;
			buildSettings = {
				ASSETCATALOG_COMPILER_APPICON_NAME = AppIcon;
				CODE_SIGN_STYLE = Automatic;
				DEVELOPMENT_TEAM = 3QV48QCY4W;
				INFOPLIST_FILE = BowSample/Info.plist;
				LD_RUNPATH_SEARCH_PATHS = (
					"$(inherited)",
					"@executable_path/Frameworks",
				);
				PRODUCT_BUNDLE_IDENTIFIER = com.catania.BowSample;
				PRODUCT_NAME = "$(TARGET_NAME)";
				SWIFT_VERSION = 4.0;
				TARGETED_DEVICE_FAMILY = "1,2";
			};
			name = Release;
		};
		AC7A7CB92159853200326FF5 /* Debug */ = {
			isa = XCBuildConfiguration;
			baseConfigurationReference = D691028DC9AFBC7C78A08159 /* Pods-BowSampleTests.debug.xcconfig */;
			buildSettings = {
				ALWAYS_EMBED_SWIFT_STANDARD_LIBRARIES = YES;
				BUNDLE_LOADER = "$(TEST_HOST)";
				CODE_SIGN_STYLE = Automatic;
				DEVELOPMENT_TEAM = 3QV48QCY4W;
				INFOPLIST_FILE = BowSampleTests/Info.plist;
				LD_RUNPATH_SEARCH_PATHS = (
					"$(inherited)",
					"@executable_path/Frameworks",
					"@loader_path/Frameworks",
				);
				PRODUCT_BUNDLE_IDENTIFIER = com.catania.BowSampleTests;
				PRODUCT_NAME = "$(TARGET_NAME)";
				SWIFT_VERSION = 4.0;
				TARGETED_DEVICE_FAMILY = "1,2";
				TEST_HOST = "$(BUILT_PRODUCTS_DIR)/BowSample.app/BowSample";
			};
			name = Debug;
		};
		AC7A7CBA2159853200326FF5 /* Release */ = {
			isa = XCBuildConfiguration;
			baseConfigurationReference = B79338E8725289353CE9BADB /* Pods-BowSampleTests.release.xcconfig */;
			buildSettings = {
				ALWAYS_EMBED_SWIFT_STANDARD_LIBRARIES = YES;
				BUNDLE_LOADER = "$(TEST_HOST)";
				CODE_SIGN_STYLE = Automatic;
				DEVELOPMENT_TEAM = 3QV48QCY4W;
				INFOPLIST_FILE = BowSampleTests/Info.plist;
				LD_RUNPATH_SEARCH_PATHS = (
					"$(inherited)",
					"@executable_path/Frameworks",
					"@loader_path/Frameworks",
				);
				PRODUCT_BUNDLE_IDENTIFIER = com.catania.BowSampleTests;
				PRODUCT_NAME = "$(TARGET_NAME)";
				SWIFT_VERSION = 4.0;
				TARGETED_DEVICE_FAMILY = "1,2";
				TEST_HOST = "$(BUILT_PRODUCTS_DIR)/BowSample.app/BowSample";
			};
			name = Release;
		};
/* End XCBuildConfiguration section */

/* Begin XCConfigurationList section */
		AC7A7C932159853000326FF5 /* Build configuration list for PBXProject "BowSample" */ = {
			isa = XCConfigurationList;
			buildConfigurations = (
				AC7A7CB32159853200326FF5 /* Debug */,
				AC7A7CB42159853200326FF5 /* Release */,
			);
			defaultConfigurationIsVisible = 0;
			defaultConfigurationName = Release;
		};
		AC7A7CB52159853200326FF5 /* Build configuration list for PBXNativeTarget "BowSample" */ = {
			isa = XCConfigurationList;
			buildConfigurations = (
				AC7A7CB62159853200326FF5 /* Debug */,
				AC7A7CB72159853200326FF5 /* Release */,
			);
			defaultConfigurationIsVisible = 0;
			defaultConfigurationName = Release;
		};
		AC7A7CB82159853200326FF5 /* Build configuration list for PBXNativeTarget "BowSampleTests" */ = {
			isa = XCConfigurationList;
			buildConfigurations = (
				AC7A7CB92159853200326FF5 /* Debug */,
				AC7A7CBA2159853200326FF5 /* Release */,
			);
			defaultConfigurationIsVisible = 0;
			defaultConfigurationName = Release;
		};
/* End XCConfigurationList section */
	};
	rootObject = AC7A7C902159853000326FF5 /* Project object */;
}
